// !$*UTF8*$!
{
	archiveVersion = 1;
	classes = {
	};
	objectVersion = 46;
	objects = {

/* Begin PBXBuildFile section */
		E93723CE1CEA8533005106BD /* main.m in Sources */ = {isa = PBXBuildFile; fileRef = E93723CD1CEA8533005106BD /* main.m */; };
		E93723D11CEA8533005106BD /* AppDelegate.m in Sources */ = {isa = PBXBuildFile; fileRef = E93723D01CEA8533005106BD /* AppDelegate.m */; };
		E93723D41CEA8533005106BD /* ViewController.m in Sources */ = {isa = PBXBuildFile; fileRef = E93723D31CEA8533005106BD /* ViewController.m */; };
		E93723D71CEA8533005106BD /* Main.storyboard in Resources */ = {isa = PBXBuildFile; fileRef = E93723D51CEA8533005106BD /* Main.storyboard */; };
		E93723D91CEA8533005106BD /* Assets.xcassets in Resources */ = {isa = PBXBuildFile; fileRef = E93723D81CEA8533005106BD /* Assets.xcassets */; };
		E93723DC1CEA8533005106BD /* LaunchScreen.storyboard in Resources */ = {isa = PBXBuildFile; fileRef = E93723DA1CEA8533005106BD /* LaunchScreen.storyboard */; };
		E93723E71CEAA579005106BD /* ViewController2.m in Sources */ = {isa = PBXBuildFile; fileRef = E93723E61CEAA579005106BD /* ViewController2.m */; };
/* End PBXBuildFile section */

/* Begin PBXFileReference section */
		E93723C91CEA8533005106BD /* Scroll View Image Galleries.app */ = {isa = PBXFileReference; explicitFileType = wrapper.application; includeInIndex = 0; path = "Scroll View Image Galleries.app"; sourceTree = BUILT_PRODUCTS_DIR; };
		E93723CD1CEA8533005106BD /* main.m */ = {isa = PBXFileReference; lastKnownFileType = sourcecode.c.objc; path = main.m; sourceTree = "<group>"; };
		E93723CF1CEA8533005106BD /* AppDelegate.h */ = {isa = PBXFileReference; lastKnownFileType = sourcecode.c.h; path = AppDelegate.h; sourceTree = "<group>"; };
		E93723D01CEA8533005106BD /* AppDelegate.m */ = {isa = PBXFileReference; lastKnownFileType = sourcecode.c.objc; path = AppDelegate.m; sourceTree = "<group>"; };
		E93723D21CEA8533005106BD /* ViewController.h */ = {isa = PBXFileReference; lastKnownFileType = sourcecode.c.h; path = ViewController.h; sourceTree = "<group>"; };
		E93723D31CEA8533005106BD /* ViewController.m */ = {isa = PBXFileReference; lastKnownFileType = sourcecode.c.objc; path = ViewController.m; sourceTree = "<group>"; };
		E93723D61CEA8533005106BD /* Base */ = {isa = PBXFileReference; lastKnownFileType = file.storyboard; name = Base; path = Base.lproj/Main.storyboard; sourceTree = "<group>"; };
		E93723D81CEA8533005106BD /* Assets.xcassets */ = {isa = PBXFileReference; lastKnownFileType = folder.assetcatalog; path = Assets.xcassets; sourceTree = "<group>"; };
		E93723DB1CEA8533005106BD /* Base */ = {isa = PBXFileReference; lastKnownFileType = file.storyboard; name = Base; path = Base.lproj/LaunchScreen.storyboard; sourceTree = "<group>"; };
		E93723DD1CEA8533005106BD /* Info.plist */ = {isa = PBXFileReference; lastKnownFileType = text.plist.xml; path = Info.plist; sourceTree = "<group>"; };
		E93723E51CEAA579005106BD /* ViewController2.h */ = {isa = PBXFileReference; fileEncoding = 4; lastKnownFileType = sourcecode.c.h; path = ViewController2.h; sourceTree = "<group>"; };
		E93723E61CEAA579005106BD /* ViewController2.m */ = {isa = PBXFileReference; fileEncoding = 4; lastKnownFileType = sourcecode.c.objc; path = ViewController2.m; sourceTree = "<group>"; };
/* End PBXFileReference section */

/* Begin PBXFrameworksBuildPhase section */
		E93723C61CEA8533005106BD /* Frameworks */ = {
			isa = PBXFrameworksBuildPhase;
			buildActionMask = 2147483647;
			files = (
			);
			runOnlyForDeploymentPostprocessing = 0;
		};
/* End PBXFrameworksBuildPhase section */

/* Begin PBXGroup section */
		E93723C01CEA8533005106BD = {
			isa = PBXGroup;
			children = (
				E93723CB1CEA8533005106BD /* Scroll View Image Galleries */,
				E93723CA1CEA8533005106BD /* Products */,
			);
			sourceTree = "<group>";
		};
		E93723CA1CEA8533005106BD /* Products */ = {
			isa = PBXGroup;
			children = (
				E93723C91CEA8533005106BD /* Scroll View Image Galleries.app */,
			);
			name = Products;
			sourceTree = "<group>";
		};
		E93723CB1CEA8533005106BD /* Scroll View Image Galleries */ = {
			isa = PBXGroup;
			children = (
				E93723CF1CEA8533005106BD /* AppDelegate.h */,
				E93723D01CEA8533005106BD /* AppDelegate.m */,
				E93723D21CEA8533005106BD /* ViewController.h */,
				E93723D31CEA8533005106BD /* ViewController.m */,
				E93723D51CEA8533005106BD /* Main.storyboard */,
				E93723D81CEA8533005106BD /* Assets.xcassets */,
				E93723DA1CEA8533005106BD /* LaunchScreen.storyboard */,
				E93723DD1CEA8533005106BD /* Info.plist */,
				E93723CC1CEA8533005106BD /* Supporting Files */,
				E93723E51CEAA579005106BD /* ViewController2.h */,
				E93723E61CEAA579005106BD /* ViewController2.m */,
			);
			path = "Scroll View Image Galleries";
			sourceTree = "<group>";
		};
		E93723CC1CEA8533005106BD /* Supporting Files */ = {
			isa = PBXGroup;
			children = (
				E93723CD1CEA8533005106BD /* main.m */,
			);
			name = "Supporting Files";
			sourceTree = "<group>";
		};
/* End PBXGroup section */

/* Begin PBXNativeTarget section */
		E93723C81CEA8533005106BD /* Scroll View Image Galleries */ = {
			isa = PBXNativeTarget;
			buildConfigurationList = E93723E01CEA8533005106BD /* Build configuration list for PBXNativeTarget "Scroll View Image Galleries" */;
			buildPhases = (
				E93723C51CEA8533005106BD /* Sources */,
				E93723C61CEA8533005106BD /* Frameworks */,
				E93723C71CEA8533005106BD /* Resources */,
			);
			buildRules = (
			);
			dependencies = (
			);
			name = "Scroll View Image Galleries";
			productName = "Scroll View Image Galleries";
			productReference = E93723C91CEA8533005106BD /* Scroll View Image Galleries.app */;
			productType = "com.apple.product-type.application";
		};
/* End PBXNativeTarget section */

/* Begin PBXProject section */
		E93723C11CEA8533005106BD /* Project object */ = {
			isa = PBXProject;
			attributes = {
				LastUpgradeCheck = 0730;
				ORGANIZATIONNAME = "Anton Moiseev";
				TargetAttributes = {
					E93723C81CEA8533005106BD = {
						CreatedOnToolsVersion = 7.3;
					};
				};
			};
			buildConfigurationList = E93723C41CEA8533005106BD /* Build configuration list for PBXProject "Scroll View Image Galleries" */;
			compatibilityVersion = "Xcode 3.2";
			developmentRegion = English;
			hasScannedForEncodings = 0;
			knownRegions = (
				en,
				Base,
			);
			mainGroup = E93723C01CEA8533005106BD;
			productRefGroup = E93723CA1CEA8533005106BD /* Products */;
			projectDirPath = "";
			projectRoot = "";
			targets = (
				E93723C81CEA8533005106BD /* Scroll View Image Galleries */,
			);
		};
/* End PBXProject section */

/* Begin PBXResourcesBuildPhase section */
		E93723C71CEA8533005106BD /* Resources */ = {
			isa = PBXResourcesBuildPhase;
			buildActionMask = 2147483647;
			files = (
				E93723DC1CEA8533005106BD /* LaunchScreen.storyboard in Resources */,
				E93723D91CEA8533005106BD /* Assets.xcassets in Resources */,
				E93723D71CEA8533005106BD /* Main.storyboard in Resources */,
			);
			runOnlyForDeploymentPostprocessing = 0;
		};
/* End PBXResourcesBuildPhase section */

/* Begin PBXSourcesBuildPhase section */
		E93723C51CEA8533005106BD /* Sources */ = {
			isa = PBXSourcesBuildPhase;
			buildActionMask = 2147483647;
			files = (
				E93723D41CEA8533005106BD /* ViewController.m in Sources */,
				E93723E71CEAA579005106BD /* ViewController2.m in Sources */,
				E93723D11CEA8533005106BD /* AppDelegate.m in Sources */,
				E93723CE1CEA8533005106BD /* main.m in Sources */,
			);
			runOnlyForDeploymentPostprocessing = 0;
		};
/* End PBXSourcesBuildPhase section */

/* Begin PBXVariantGroup section */
		E93723D51CEA8533005106BD /* Main.storyboard */ = {
			isa = PBXVariantGroup;
			children = (
				E93723D61CEA8533005106BD /* Base */,
			);
			name = Main.storyboard;
			sourceTree = "<group>";
		};
		E93723DA1CEA8533005106BD /* LaunchScreen.storyboard */ = {
			isa = PBXVariantGroup;
			children = (
				E93723DB1CEA8533005106BD /* Base */,
			);
			name = LaunchScreen.storyboard;
			sourceTree = "<group>";
		};
/* End PBXVariantGroup section */

/* Begin XCBuildConfiguration section */
		E93723DE1CEA8533005106BD /* Debug */ = {
			isa = XCBuildConfiguration;
			buildSettings = {
				ALWAYS_SEARCH_USER_PATHS = NO;
				CLANG_ANALYZER_NONNULL = YES;
				CLANG_CXX_LANGUAGE_STANDARD = "gnu++0x";
				CLANG_CXX_LIBRARY = "libc++";
				CLANG_ENABLE_MODULES = YES;
				CLANG_ENABLE_OBJC_ARC = YES;
				CLANG_WARN_BOOL_CONVERSION = YES;
				CLANG_WARN_CONSTANT_CONVERSION = YES;
				CLANG_WARN_DIRECT_OBJC_ISA_USAGE = YES_ERROR;
				CLANG_WARN_EMPTY_BODY = YES;
				CLANG_WARN_ENUM_CONVERSION = YES;
				CLANG_WARN_INT_CONVERSION = YES;
				CLANG_WARN_OBJC_ROOT_CLASS = YES_ERROR;
				CLANG_WARN_UNREACHABLE_CODE = YES;
				CLANG_WARN__DUPLICATE_METHOD_MATCH = YES;
				"CODE_SIGN_IDENTITY[sdk=iphoneos*]" = "iPhone Developer";
				COPY_PHASE_STRIP = NO;
				DEBUG_INFORMATION_FORMAT = dwarf;
				ENABLE_STRICT_OBJC_MSGSEND = YES;
				ENABLE_TESTABILITY = YES;
				GCC_C_LANGUAGE_STANDARD = gnu99;
				GCC_DYNAMIC_NO_PIC = NO;
				GCC_NO_COMMON_BLOCKS = YES;
				GCC_OPTIMIZATION_LEVEL = 0;
				GCC_PREPROCESSOR_DEFINITIONS = (
					"DEBUG=1",
					"$(inherited)",
				);
				GCC_WARN_64_TO_32_BIT_CONVERSION = YES;
				GCC_WARN_ABOUT_RETURN_TYPE = YES_ERROR;
				GCC_WARN_UNDECLARED_SELECTOR = YES;
				GCC_WARN_UNINITIALIZED_AUTOS = YES_AGGRESSIVE;
				GCC_WARN_UNUSED_FUNCTION = YES;
				GCC_WARN_UNUSED_VARIABLE = YES;
				IPHONEOS_DEPLOYMENT_TARGET = 9.3;
				MTL_ENABLE_DEBUG_INFO = YES;
				ONLY_ACTIVE_ARCH = YES;
				SDKROOT = iphoneos;
			};
			name = Debug;
		};
		E93723DF1CEA8533005106BD /* Release */ = {
			isa = XCBuildConfiguration;
			buildSettings = {
				ALWAYS_SEARCH_USER_PATHS = NO;
				CLANG_ANALYZER_NONNULL = YES;
				CLANG_CXX_LANGUAGE_STANDARD = "gnu++0x";
				CLANG_CXX_LIBRARY = "libc++";
				CLANG_ENABLE_MODULES = YES;
				CLANG_ENABLE_OBJC_ARC = YES;
				CLANG_WARN_BOOL_CONVERSION = YES;
				CLANG_WARN_CONSTANT_CONVERSION = YES;
				CLANG_WARN_DIRECT_OBJC_ISA_USAGE = YES_ERROR;
				CLANG_WARN_EMPTY_BODY = YES;
				CLANG_WARN_ENUM_CONVERSION = YES;
				CLANG_WARN_INT_CONVERSION = YES;
				CLANG_WARN_OBJC_ROOT_CLASS = YES_ERROR;
				CLANG_WARN_UNREACHABLE_CODE = YES;
				CLANG_WARN__DUPLICATE_METHOD_MATCH = YES;
				"CODE_SIGN_IDENTITY[sdk=iphoneos*]" = "iPhone Developer";
				COPY_PHASE_STRIP = NO;
				DEBUG_INFORMATION_FORMAT = "dwarf-with-dsym";
				ENABLE_NS_ASSERTIONS = NO;
				ENABLE_STRICT_OBJC_MSGSEND = YES;
				GCC_C_LANGUAGE_STANDARD = gnu99;
				GCC_NO_COMMON_BLOCKS = YES;
				GCC_WARN_64_TO_32_BIT_CONVERSION = YES;
				GCC_WARN_ABOUT_RETURN_TYPE = YES_ERROR;
				GCC_WARN_UNDECLARED_SELECTOR = YES;
				GCC_WARN_UNINITIALIZED_AUTOS = YES_AGGRESSIVE;
				GCC_WARN_UNUSED_FUNCTION = YES;
				GCC_WARN_UNUSED_VARIABLE = YES;
				IPHONEOS_DEPLOYMENT_TARGET = 9.3;
				MTL_ENABLE_DEBUG_INFO = NO;
				SDKROOT = iphoneos;
				VALIDATE_PRODUCT = YES;
			};
			name = Release;
		};
		E93723E11CEA8533005106BD /* Debug */ = {
			isa = XCBuildConfiguration;
			buildSettings = {
				ASSETCATALOG_COMPILER_APPICON_NAME = AppIcon;
				INFOPLIST_FILE = "Scroll View Image Galleries/Info.plist";
				IPHONEOS_DEPLOYMENT_TARGET = 9.2;
				LD_RUNPATH_SEARCH_PATHS = "$(inherited) @executable_path/Frameworks";
				PRODUCT_BUNDLE_IDENTIFIER = "com.moiseevanton.Scroll-View-Image-Galleries";
				PRODUCT_NAME = "$(TARGET_NAME)";
			};
			name = Debug;
		};
		E93723E21CEA8533005106BD /* Release */ = {
			isa = XCBuildConfiguration;
			buildSettings = {
				ASSETCATALOG_COMPILER_APPICON_NAME = AppIcon;
				INFOPLIST_FILE = "Scroll View Image Galleries/Info.plist";
				IPHONEOS_DEPLOYMENT_TARGET = 9.2;
				LD_RUNPATH_SEARCH_PATHS = "$(inherited) @executable_path/Frameworks";
				PRODUCT_BUNDLE_IDENTIFIER = "com.moiseevanton.Scroll-View-Image-Galleries";
				PRODUCT_NAME = "$(TARGET_NAME)";
			};
			name = Release;
		};
/* End XCBuildConfiguration section */

/* Begin XCConfigurationList section */
		E93723C41CEA8533005106BD /* Build configuration list for PBXProject "Scroll View Image Galleries" */ = {
			isa = XCConfigurationList;
			buildConfigurations = (
				E93723DE1CEA8533005106BD /* Debug */,
				E93723DF1CEA8533005106BD /* Release */,
			);
			defaultConfigurationIsVisible = 0;
			defaultConfigurationName = Release;
		};
		E93723E01CEA8533005106BD /* Build configuration list for PBXNativeTarget "Scroll View Image Galleries" */ = {
			isa = XCConfigurationList;
			buildConfigurations = (
				E93723E11CEA8533005106BD /* Debug */,
				E93723E21CEA8533005106BD /* Release */,
			);
			defaultConfigurationIsVisible = 0;
			defaultConfigurationName = Release;
		};
/* End XCConfigurationList section */
	};
	rootObject = E93723C11CEA8533005106BD /* Project object */;
}
